
Microsoft Visual Studio Solution File, Format Version 12.00
# Visual Studio 2012
Project("{FAE04EC0-301F-11D3-BF4B-00C04F79EFBC}") = "exercise run time errors", "exercise run time errors\exercise run time errors.csproj", "{E4B7D25B-345E-48E7-A67E-01DDEF550FC8}"
EndProject
Global
	GlobalSection(SolutionConfigurationPlatforms) = preSolution
		Debug|Any CPU = Debug|Any CPU
		Release|Any CPU = Release|Any CPU
	EndGlobalSection
	GlobalSection(ProjectConfigurationPlatforms) = postSolution
		{E4B7D25B-345E-48E7-A67E-01DDEF550FC8}.Debug|Any CPU.ActiveCfg = Debug|Any CPU
		{E4B7D25B-345E-48E7-A67E-01DDEF550FC8}.Debug|Any CPU.Build.0 = Debug|Any CPU
		{E4B7D25B-345E-48E7-A67E-01DDEF550FC8}.Release|Any CPU.ActiveCfg = Release|Any CPU
		{E4B7D25B-345E-48E7-A67E-01DDEF550FC8}.Release|Any CPU.Build.0 = Release|Any CPU
	EndGlobalSection
	GlobalSection(SolutionProperties) = preSolution
		HideSolutionNode = FALSE
	EndGlobalSection
EndGlobal
