
Microsoft Visual Studio Solution File, Format Version 12.00
# Visual Studio 2012
Project("{FAE04EC0-301F-11D3-BF4B-00C04F79EFBC}") = "exercise functions", "exercise functions\exercise functions.csproj", "{955EDE44-BF26-45FE-85C2-4D369859AF96}"
EndProject
Global
	GlobalSection(SolutionConfigurationPlatforms) = preSolution
		Debug|Any CPU = Debug|Any CPU
		Release|Any CPU = Release|Any CPU
	EndGlobalSection
	GlobalSection(ProjectConfigurationPlatforms) = postSolution
		{955EDE44-BF26-45FE-85C2-4D369859AF96}.Debug|Any CPU.ActiveCfg = Debug|Any CPU
		{955EDE44-BF26-45FE-85C2-4D369859AF96}.Debug|Any CPU.Build.0 = Debug|Any CPU
		{955EDE44-BF26-45FE-85C2-4D369859AF96}.Release|Any CPU.ActiveCfg = Release|Any CPU
		{955EDE44-BF26-45FE-85C2-4D369859AF96}.Release|Any CPU.Build.0 = Release|Any CPU
	EndGlobalSection
	GlobalSection(SolutionProperties) = preSolution
		HideSolutionNode = FALSE
	EndGlobalSection
EndGlobal
