
Microsoft Visual Studio Solution File, Format Version 12.00
# Visual Studio 2012
Project("{FAE04EC0-301F-11D3-BF4B-00C04F79EFBC}") = "exercise interface", "exercise interface\exercise interface.csproj", "{C4D180D5-9781-453E-8910-72FEFD2D8F50}"
EndProject
Global
	GlobalSection(SolutionConfigurationPlatforms) = preSolution
		Debug|Any CPU = Debug|Any CPU
		Release|Any CPU = Release|Any CPU
	EndGlobalSection
	GlobalSection(ProjectConfigurationPlatforms) = postSolution
		{C4D180D5-9781-453E-8910-72FEFD2D8F50}.Debug|Any CPU.ActiveCfg = Debug|Any CPU
		{C4D180D5-9781-453E-8910-72FEFD2D8F50}.Debug|Any CPU.Build.0 = Debug|Any CPU
		{C4D180D5-9781-453E-8910-72FEFD2D8F50}.Release|Any CPU.ActiveCfg = Release|Any CPU
		{C4D180D5-9781-453E-8910-72FEFD2D8F50}.Release|Any CPU.Build.0 = Release|Any CPU
	EndGlobalSection
	GlobalSection(SolutionProperties) = preSolution
		HideSolutionNode = FALSE
	EndGlobalSection
EndGlobal
