
Microsoft Visual Studio Solution File, Format Version 12.00
# Visual Studio 2012
Project("{FAE04EC0-301F-11D3-BF4B-00C04F79EFBC}") = "WindowsFormsApplication1 threads", "WindowsFormsApplication1 threads\WindowsFormsApplication1 threads.csproj", "{23AB4550-3A09-4F83-98A1-789CF6CF831A}"
EndProject
Global
	GlobalSection(SolutionConfigurationPlatforms) = preSolution
		Debug|Any CPU = Debug|Any CPU
		Release|Any CPU = Release|Any CPU
	EndGlobalSection
	GlobalSection(ProjectConfigurationPlatforms) = postSolution
		{23AB4550-3A09-4F83-98A1-789CF6CF831A}.Debug|Any CPU.ActiveCfg = Debug|Any CPU
		{23AB4550-3A09-4F83-98A1-789CF6CF831A}.Debug|Any CPU.Build.0 = Debug|Any CPU
		{23AB4550-3A09-4F83-98A1-789CF6CF831A}.Release|Any CPU.ActiveCfg = Release|Any CPU
		{23AB4550-3A09-4F83-98A1-789CF6CF831A}.Release|Any CPU.Build.0 = Release|Any CPU
	EndGlobalSection
	GlobalSection(SolutionProperties) = preSolution
		HideSolutionNode = FALSE
	EndGlobalSection
EndGlobal
