
Microsoft Visual Studio Solution File, Format Version 12.00
# Visual Studio 2012
Project("{FAE04EC0-301F-11D3-BF4B-00C04F79EFBC}") = "example xml", "example xml\example xml.csproj", "{D04C9761-04C5-494D-B020-3CB4ECAB96EA}"
EndProject
Global
	GlobalSection(SolutionConfigurationPlatforms) = preSolution
		Debug|Any CPU = Debug|Any CPU
		Release|Any CPU = Release|Any CPU
	EndGlobalSection
	GlobalSection(ProjectConfigurationPlatforms) = postSolution
		{D04C9761-04C5-494D-B020-3CB4ECAB96EA}.Debug|Any CPU.ActiveCfg = Debug|Any CPU
		{D04C9761-04C5-494D-B020-3CB4ECAB96EA}.Debug|Any CPU.Build.0 = Debug|Any CPU
		{D04C9761-04C5-494D-B020-3CB4ECAB96EA}.Release|Any CPU.ActiveCfg = Release|Any CPU
		{D04C9761-04C5-494D-B020-3CB4ECAB96EA}.Release|Any CPU.Build.0 = Release|Any CPU
	EndGlobalSection
	GlobalSection(SolutionProperties) = preSolution
		HideSolutionNode = FALSE
	EndGlobalSection
EndGlobal
