
Microsoft Visual Studio Solution File, Format Version 12.00
# Visual Studio 2012
Project("{FAE04EC0-301F-11D3-BF4B-00C04F79EFBC}") = "exercise search file", "exercise search file\exercise search file.csproj", "{642DD3B4-451D-4482-A2CD-DFF556FAD33B}"
EndProject
Global
	GlobalSection(SolutionConfigurationPlatforms) = preSolution
		Debug|Any CPU = Debug|Any CPU
		Release|Any CPU = Release|Any CPU
	EndGlobalSection
	GlobalSection(ProjectConfigurationPlatforms) = postSolution
		{642DD3B4-451D-4482-A2CD-DFF556FAD33B}.Debug|Any CPU.ActiveCfg = Debug|Any CPU
		{642DD3B4-451D-4482-A2CD-DFF556FAD33B}.Debug|Any CPU.Build.0 = Debug|Any CPU
		{642DD3B4-451D-4482-A2CD-DFF556FAD33B}.Release|Any CPU.ActiveCfg = Release|Any CPU
		{642DD3B4-451D-4482-A2CD-DFF556FAD33B}.Release|Any CPU.Build.0 = Release|Any CPU
	EndGlobalSection
	GlobalSection(SolutionProperties) = preSolution
		HideSolutionNode = FALSE
	EndGlobalSection
EndGlobal
