
Microsoft Visual Studio Solution File, Format Version 12.00
# Visual Studio 2012
Project("{FAE04EC0-301F-11D3-BF4B-00C04F79EFBC}") = "exercise Bank account", "exercise Bank account\exercise Bank account.csproj", "{5C7DF605-7D0D-4B78-AFEE-F56DFBFAFA24}"
EndProject
Global
	GlobalSection(SolutionConfigurationPlatforms) = preSolution
		Debug|Any CPU = Debug|Any CPU
		Release|Any CPU = Release|Any CPU
	EndGlobalSection
	GlobalSection(ProjectConfigurationPlatforms) = postSolution
		{5C7DF605-7D0D-4B78-AFEE-F56DFBFAFA24}.Debug|Any CPU.ActiveCfg = Debug|Any CPU
		{5C7DF605-7D0D-4B78-AFEE-F56DFBFAFA24}.Debug|Any CPU.Build.0 = Debug|Any CPU
		{5C7DF605-7D0D-4B78-AFEE-F56DFBFAFA24}.Release|Any CPU.ActiveCfg = Release|Any CPU
		{5C7DF605-7D0D-4B78-AFEE-F56DFBFAFA24}.Release|Any CPU.Build.0 = Release|Any CPU
	EndGlobalSection
	GlobalSection(SolutionProperties) = preSolution
		HideSolutionNode = FALSE
	EndGlobalSection
EndGlobal
