
Microsoft Visual Studio Solution File, Format Version 12.00
# Visual Studio 2012
Project("{FAE04EC0-301F-11D3-BF4B-00C04F79EFBC}") = "the LinQ", "the LinQ\the LinQ.csproj", "{B27FE0C0-7A7E-4FAD-BBBF-6F3FD3946278}"
EndProject
Global
	GlobalSection(SolutionConfigurationPlatforms) = preSolution
		Debug|Any CPU = Debug|Any CPU
		Release|Any CPU = Release|Any CPU
	EndGlobalSection
	GlobalSection(ProjectConfigurationPlatforms) = postSolution
		{B27FE0C0-7A7E-4FAD-BBBF-6F3FD3946278}.Debug|Any CPU.ActiveCfg = Debug|Any CPU
		{B27FE0C0-7A7E-4FAD-BBBF-6F3FD3946278}.Debug|Any CPU.Build.0 = Debug|Any CPU
		{B27FE0C0-7A7E-4FAD-BBBF-6F3FD3946278}.Release|Any CPU.ActiveCfg = Release|Any CPU
		{B27FE0C0-7A7E-4FAD-BBBF-6F3FD3946278}.Release|Any CPU.Build.0 = Release|Any CPU
	EndGlobalSection
	GlobalSection(SolutionProperties) = preSolution
		HideSolutionNode = FALSE
	EndGlobalSection
EndGlobal
