
Microsoft Visual Studio Solution File, Format Version 12.00
# Visual Studio 2012
Project("{FAE04EC0-301F-11D3-BF4B-00C04F79EFBC}") = "the GetType Method", "the GetType Method\the GetType Method.csproj", "{0B7B6900-B6BF-4BB9-894A-015DB2401CAD}"
EndProject
Global
	GlobalSection(SolutionConfigurationPlatforms) = preSolution
		Debug|Any CPU = Debug|Any CPU
		Release|Any CPU = Release|Any CPU
	EndGlobalSection
	GlobalSection(ProjectConfigurationPlatforms) = postSolution
		{0B7B6900-B6BF-4BB9-894A-015DB2401CAD}.Debug|Any CPU.ActiveCfg = Debug|Any CPU
		{0B7B6900-B6BF-4BB9-894A-015DB2401CAD}.Debug|Any CPU.Build.0 = Debug|Any CPU
		{0B7B6900-B6BF-4BB9-894A-015DB2401CAD}.Release|Any CPU.ActiveCfg = Release|Any CPU
		{0B7B6900-B6BF-4BB9-894A-015DB2401CAD}.Release|Any CPU.Build.0 = Release|Any CPU
	EndGlobalSection
	GlobalSection(SolutionProperties) = preSolution
		HideSolutionNode = FALSE
	EndGlobalSection
EndGlobal
